
Microsoft Visual Studio Solution File, Format Version 12.00
# Visual Studio 15
Project("{FAE04EC0-301F-11D3-BF4B-00C04F79EFBC}") = "Assembly-CSharp", "Assembly-CSharp.csproj", "{677D44F0-0596-AE29-9B0D-9D7CCA3B56C8}"
EndProject
Project("{FAE04EC0-301F-11D3-BF4B-00C04F79EFBC}") = "Assembly-CSharp-Editor", "Assembly-CSharp-Editor.csproj", "{830500BF-8FDD-4D56-2671-2CFAAD9E6B74}"
EndProject
Global
	GlobalSection(SolutionConfigurationPlatforms) = preSolution
		Debug|Any CPU = Debug|Any CPU
		Release|Any CPU = Release|Any CPU
	EndGlobalSection
	GlobalSection(ProjectConfigurationPlatforms) = postSolution
		{677D44F0-0596-AE29-9B0D-9D7CCA3B56C8}.Debug|Any CPU.ActiveCfg = Debug|Any CPU
		{677D44F0-0596-AE29-9B0D-9D7CCA3B56C8}.Debug|Any CPU.Build.0 = Debug|Any CPU
		{677D44F0-0596-AE29-9B0D-9D7CCA3B56C8}.Release|Any CPU.ActiveCfg = Release|Any CPU
		{677D44F0-0596-AE29-9B0D-9D7CCA3B56C8}.Release|Any CPU.Build.0 = Release|Any CPU
		{830500BF-8FDD-4D56-2671-2CFAAD9E6B74}.Debug|Any CPU.ActiveCfg = Debug|Any CPU
		{830500BF-8FDD-4D56-2671-2CFAAD9E6B74}.Debug|Any CPU.Build.0 = Debug|Any CPU
		{830500BF-8FDD-4D56-2671-2CFAAD9E6B74}.Release|Any CPU.ActiveCfg = Release|Any CPU
		{830500BF-8FDD-4D56-2671-2CFAAD9E6B74}.Release|Any CPU.Build.0 = Release|Any CPU
	EndGlobalSection
	GlobalSection(SolutionProperties) = preSolution
		HideSolutionNode = FALSE
	EndGlobalSection
EndGlobal
